<Solution>
  <Folder Name="/ConsumeApi/">
    <Project Path="ConsumeApi/HoteilerProject.BusinessLayer/HoteilerProject.BusinessLayer.csproj" />
    <Project Path="ConsumeApi/HoteilerProject.DataaccessLayer/HoteilerProject.DataaccessLayer.csproj" />
    <Project Path="ConsumeApi/HoteilerProject.EntityLayer/HoteilerProject.EntityLayer.csproj" />
    <Project Path="ConsumeApi/HoteilerProject.Webapi/HoteilerProject.Webapi.csproj" />
  </Folder>
  <Folder Name="/Frontend/" />
</Solution>
